github.com/aws/aws-lambda-go v1.50.0 h1:0GzY18vT4EsCvIyk3kn3ZH5Jg30NRlgYaai1w0aGPMU=
github.com/aws/aws-lambda-go v1.50.0/go.mod h1:dpMpZgvWx5vuQJfBt0zqBha60q7Dd7RfgJv23DymV8A=
github.com/aws/aws-sdk-go-v2 v1.39.5 h1:e/SXuia3rkFtapghJROrydtQpfQaaUgd1cUvyO1mp2w=
github.com/aws/aws-sdk-go-v2 v1.39.5/go.mod h1:yWSxrnioGUZ4WVv9TgMrNUeLV3PFESn/v+6T/Su8gnM=
github.com/aws/aws-sdk-go-v2/internal/configsources v1.4.12 h1:p/9flfXdoAnwJnuW9xHEAFY22R3A6skYkW19JFF9F+8=
github.com/aws/aws-sdk-go-v2/internal/configsources v1.4.12/go.mod h1:ZTLHakoVCTtW8AaLGSwJ3LXqHD9uQKnOcv1TrpO6u2k=
github.com/aws/aws-sdk-go-v2/internal/endpoints/v2 v2.7.12 h1:2lTWFvRcnWFFLzHWmtddu5MTchc5Oj2OOey++99tPZ0=
github.com/aws/aws-sdk-go-v2/internal/endpoints/v2 v2.7.12/go.mod h1:hI92pK+ho8HVcWMHKHrK3Uml4pfG7wvL86FzO0LVtQQ=
github.com/aws/aws-sdk-go-v2/service/ec2 v1.261.0 h1:bZ3VSnuMaWPMUnes2QUQOyLNGLDoUBqFfPYCA6KQ1uc=
github.com/aws/aws-sdk-go-v2/service/ec2 v1.261.0/go.mod h1:D6ty/4Egk8juqzkWVed8bRzuitHVeKZlGCLs0gjR2lY=
github.com/aws/aws-sdk-go-v2/service/internal/accept-encoding v1.13.2 h1:xtuxji5CS0JknaXoACOunXOYOQzgfTvGAc9s2QdCJA4=
github.com/aws/aws-sdk-go-v2/service/internal/accept-encoding v1.13.2/go.mod h1:zxwi0DIR0rcRcgdbl7E2MSOvxDyyXGBlScvBkARFaLQ=
github.com/aws/aws-sdk-go-v2/service/internal/presigned-url v1.13.12 h1:MM8imH7NZ0ovIVX7D2RxfMDv7Jt9OiUXkcQ+GqywA7M=
github.com/aws/aws-sdk-go-v2/service/internal/presigned-url v1.13.12/go.mod h1:gf4OGwdNkbEsb7elw2Sy76odfhwNktWII3WgvQgQQ6w=
github.com/aws/aws-sdk-go-v2/service/secretsmanager v1.39.10 h1:S5Mw93I9uFjXnHvkZ19O3Zj0UM5k4v3pYrDZxXCbqUg=
github.com/aws/aws-sdk-go-v2/service/secretsmanager v1.39.10/go.mod h1:wW/JqWY6yVr88XZJq5wX22l8XNkDdhw+8eDgkN51Rlc=
github.com/aws/aws-sdk-go-v2/service/ssm v1.66.3 h1:8LuQ2nZjoZ6Z/m2UwsJ+k6ih0ZrjpmQF3uTl6wZYS40=
github.com/aws/aws-sdk-go-v2/service/ssm v1.66.3/go.mod h1:+ePES2BwC2C+e61xnNMLor8hVan19G/kmg2GgbVgi58=
github.com/aws/aws-sdk-go-v2/service/sts v1.39.0 h1:C+BRMnasSYFcgDw8o9H5hzehKzXyAb9GY5v/8bP9DUY=
github.com/aws/aws-sdk-go-v2/service/sts v1.39.0/go.mod h1:4EjU+4mIx6+JqKQkruye+CaigV7alL3thVPfDd9VlMs=
github.com/aws/smithy-go v1.23.1 h1:sLvcH6dfAFwGkHLZ7dGiYF7aK6mg4CgKA/iDKjLDt9M=
github.com/aws/smithy-go v1.23.1/go.mod h1:LEj2LM3rBRQJxPZTB4KuzZkaZYnZPnvgIhb4pu07mx0=
github.com/mdobak/go-xerrors v1.0.0 h1:p4wqdfRm2p5oxRpBbmb+f1wP6PZlMxPT8MLiwfub0Wk=
github.com/mdobak/go-xerrors v1.0.0/go.mod h1:YHIv92A99IdVUcyfj9FEKAH3Jr4ejCj4YxqWfcLpjkk=
